
Microsoft Visual Studio Solution File, Format Version 12.00
# Visual Studio Version 17
VisualStudioVersion = 17.13.35913.81 d17.13
MinimumVisualStudioVersion = 10.0.40219.1
Project("{FAE04EC0-301F-11D3-BF4B-00C04F79EFBC}") = "VisualStudioTourHelloWorld", "VisualStudioTourHelloWorld\VisualStudioTourHelloWorld.csproj", "{516ABCEB-777F-4FAB-9948-1B37C71D07FD}"
EndProject
Global
	GlobalSection(SolutionConfigurationPlatforms) = preSolution
		Debug|Any CPU = Debug|Any CPU
		Release|Any CPU = Release|Any CPU
	EndGlobalSection
	GlobalSection(ProjectConfigurationPlatforms) = postSolution
		{516ABCEB-777F-4FAB-9948-1B37C71D07FD}.Debug|Any CPU.ActiveCfg = Debug|Any CPU
		{516ABCEB-777F-4FAB-9948-1B37C71D07FD}.Debug|Any CPU.Build.0 = Debug|Any CPU
		{516ABCEB-777F-4FAB-9948-1B37C71D07FD}.Release|Any CPU.ActiveCfg = Release|Any CPU
		{516ABCEB-777F-4FAB-9948-1B37C71D07FD}.Release|Any CPU.Build.0 = Release|Any CPU
	EndGlobalSection
	GlobalSection(SolutionProperties) = preSolution
		HideSolutionNode = FALSE
	EndGlobalSection
	GlobalSection(ExtensibilityGlobals) = postSolution
		SolutionGuid = {4641DF6E-4BCF-4D35-A9E2-7914D690F117}
	EndGlobalSection
EndGlobal
